{
    "_meta": {
        "hash": {
            "sha256": "cc2b12ae6869683b18a61f2f41a1fa5e5dd88538ba87e44e2a6e0949418f2264"
        },
        "pipfile-spec": 6,
        "requires": {
            "python_version": "3.7"
        },
        "sources": [
            {
                "name": "pypi",
                "url": "https://pypi.org/simple",
                "verify_ssl": true
            }
        ]
    },
    "default": {
        "backports.functools-lru-cache": {
            "hashes": [
                "sha256:9d98697f088eb1b0fa451391f91afb5e3ebde16bbdb272819fd091151fda4f1a",
                "sha256:f0b0e4eba956de51238e17573b7087e852dfe9854afd2e9c873f73fc0ca0a6dd"
            ],
            "version": "==1.5"
        },
        "cheroot": {
            "hashes": [
                "sha256:ba2b9b0f59fcdcd920d51f61c19c4a8d65f8469741e634c04eaf6feca5b76837",
                "sha256:f1bb443f266898bc516de78a98e601e0681770a2f2310c2335648c4985e35184"
            ],
            "version": "==6.5.2"
        },
        "more-itertools": {
            "hashes": [
                "sha256:c187a73da93e7a8acc0001572aebc7e3c69daf7bf6881a2cea10650bd4420092",
                "sha256:c476b5d3a34e12d40130bc2f935028b5f636df8f372dc2c1c01dc19681b2039e",
                "sha256:fcbfeaea0be121980e15bc97b3817b5202ca73d0eae185b4550cbfce2a3ebb3d"
            ],
            "version": "==4.3.0"
        },
        "six": {
            "hashes": [
                "sha256:70e8a77beed4562e7f14fe23a786b54f6296e34344c23bc42f07b15018ff98e9",
                "sha256:832dc0e10feb1aa2c68dcc57dbb658f1c7e65b9b61af69048abc87a2db00a0eb"
            ],
            "version": "==1.11.0"
        },
        "webpy": {
            "editable": true,
            "git": "https://github.com/webpy/webpy",
            "ref": "ace0f8954c28311004b33c7a513c6e40a3c02470"
        }
    },
    "develop": {}
}
